PODS:
  - Alamofire (3.2.0)
  - AlamofireObjectMapper (2.1.2):
    - Alamofire (~> 3.2)
    - ObjectMapper (~> 1.0)
  - IQKeyboardManagerSwift (4.0.0)
  - ObjectMapper (1.1.4)

DEPENDENCIES:
  - Alamofire
  - AlamofireObjectMapper
  - IQKeyboardManagerSwift

SPEC CHECKSUMS:
  Alamofire: 4da478599fccddff361205c8929333d7fe18dceb
  AlamofireObjectMapper: 82391c31f23e37bdb2660da174bcf81b202da39d
  IQKeyboardManagerSwift: ede2a27b4e1ce053d03073b9c7fa439322f5e405
  ObjectMapper: 09ff2ad156bb0e103d9dde9bfe10fbde78affeb2

COCOAPODS: 0.39.0
